
Microsoft Visual Studio Solution File, Format Version 12.00
# Visual Studio Version 17
VisualStudioVersion = 17.0.31912.275
MinimumVisualStudioVersion = 10.0.40219.1
Project("{8BC9CEB8-8B4A-11D0-8D11-00A0C91BC942}") = "Ex.1", "Ex.1\Ex.1.vcxproj", "{96FDD5D3-20A2-40F9-8277-4B6307892FB4}"
EndProject
Global
	GlobalSection(SolutionConfigurationPlatforms) = preSolution
		Debug|x64 = Debug|x64
		Debug|x86 = Debug|x86
		Release|x64 = Release|x64
		Release|x86 = Release|x86
	EndGlobalSection
	GlobalSection(ProjectConfigurationPlatforms) = postSolution
		{96FDD5D3-20A2-40F9-8277-4B6307892FB4}.Debug|x64.ActiveCfg = Debug|x64
		{96FDD5D3-20A2-40F9-8277-4B6307892FB4}.Debug|x64.Build.0 = Debug|x64
		{96FDD5D3-20A2-40F9-8277-4B6307892FB4}.Debug|x86.ActiveCfg = Debug|Win32
		{96FDD5D3-20A2-40F9-8277-4B6307892FB4}.Debug|x86.Build.0 = Debug|Win32
		{96FDD5D3-20A2-40F9-8277-4B6307892FB4}.Release|x64.ActiveCfg = Release|x64
		{96FDD5D3-20A2-40F9-8277-4B6307892FB4}.Release|x64.Build.0 = Release|x64
		{96FDD5D3-20A2-40F9-8277-4B6307892FB4}.Release|x86.ActiveCfg = Release|Win32
		{96FDD5D3-20A2-40F9-8277-4B6307892FB4}.Release|x86.Build.0 = Release|Win32
	EndGlobalSection
	GlobalSection(SolutionProperties) = preSolution
		HideSolutionNode = FALSE
	EndGlobalSection
	GlobalSection(ExtensibilityGlobals) = postSolution
		SolutionGuid = {0AEBCDB4-847D-46C9-B1F8-6D847429541B}
	EndGlobalSection
EndGlobal
