
Microsoft Visual Studio Solution File, Format Version 12.00
# Visual Studio Version 17
VisualStudioVersion = 17.0.31912.275
MinimumVisualStudioVersion = 10.0.40219.1
Project("{8BC9CEB8-8B4A-11D0-8D11-00A0C91BC942}") = "Ex.2", "Ex.2\Ex.2.vcxproj", "{52319C2C-5ADA-4BC1-AC0D-225B382C8A6B}"
EndProject
Global
	GlobalSection(SolutionConfigurationPlatforms) = preSolution
		Debug|x64 = Debug|x64
		Debug|x86 = Debug|x86
		Release|x64 = Release|x64
		Release|x86 = Release|x86
	EndGlobalSection
	GlobalSection(ProjectConfigurationPlatforms) = postSolution
		{52319C2C-5ADA-4BC1-AC0D-225B382C8A6B}.Debug|x64.ActiveCfg = Debug|x64
		{52319C2C-5ADA-4BC1-AC0D-225B382C8A6B}.Debug|x64.Build.0 = Debug|x64
		{52319C2C-5ADA-4BC1-AC0D-225B382C8A6B}.Debug|x86.ActiveCfg = Debug|Win32
		{52319C2C-5ADA-4BC1-AC0D-225B382C8A6B}.Debug|x86.Build.0 = Debug|Win32
		{52319C2C-5ADA-4BC1-AC0D-225B382C8A6B}.Release|x64.ActiveCfg = Release|x64
		{52319C2C-5ADA-4BC1-AC0D-225B382C8A6B}.Release|x64.Build.0 = Release|x64
		{52319C2C-5ADA-4BC1-AC0D-225B382C8A6B}.Release|x86.ActiveCfg = Release|Win32
		{52319C2C-5ADA-4BC1-AC0D-225B382C8A6B}.Release|x86.Build.0 = Release|Win32
	EndGlobalSection
	GlobalSection(SolutionProperties) = preSolution
		HideSolutionNode = FALSE
	EndGlobalSection
	GlobalSection(ExtensibilityGlobals) = postSolution
		SolutionGuid = {2F0D85DD-AFFB-4632-85EB-37C1BE90DAE0}
	EndGlobalSection
EndGlobal
